
Microsoft Visual Studio Solution File, Format Version 12.00
# Visual Studio 15
VisualStudioVersion = 15.0.26730.12
MinimumVisualStudioVersion = 10.0.40219.1
Project("{FAE04EC0-301F-11D3-BF4B-00C04F79EFBC}") = "MandatoryAssignment_ASP", "MandatoryAssignment_ASP\MandatoryAssignment_ASP.csproj", "{FD735CF5-542E-4F94-8BC8-B4D635FF52C1}"
EndProject
Global
	GlobalSection(SolutionConfigurationPlatforms) = preSolution
		Debug|Any CPU = Debug|Any CPU
		Release|Any CPU = Release|Any CPU
	EndGlobalSection
	GlobalSection(ProjectConfigurationPlatforms) = postSolution
		{FD735CF5-542E-4F94-8BC8-B4D635FF52C1}.Debug|Any CPU.ActiveCfg = Debug|Any CPU
		{FD735CF5-542E-4F94-8BC8-B4D635FF52C1}.Debug|Any CPU.Build.0 = Debug|Any CPU
		{FD735CF5-542E-4F94-8BC8-B4D635FF52C1}.Release|Any CPU.ActiveCfg = Release|Any CPU
		{FD735CF5-542E-4F94-8BC8-B4D635FF52C1}.Release|Any CPU.Build.0 = Release|Any CPU
	EndGlobalSection
	GlobalSection(SolutionProperties) = preSolution
		HideSolutionNode = FALSE
	EndGlobalSection
	GlobalSection(ExtensibilityGlobals) = postSolution
		SolutionGuid = {66C40E85-084A-4F39-826C-D2A67C5091BB}
	EndGlobalSection
EndGlobal
